<Solution>
  <Folder Name="/src/">
    <Project Path="src/AnimeTracker.Api/AnimeTracker.Api.csproj" />
    <Project Path="src/AnimeTracker.Domain/AnimeTracker.Domain.csproj" />
  </Folder>
  <Folder Name="/tests/">
    <Project Path="tests/AnimeTracker.Tests/AnimeTracker.Tests.csproj" />
  </Folder>
</Solution>
